# This file was autogenerated by Stack.
# You should not edit this file by hand.
# For more information, please see the documentation at:
#   https://docs.haskellstack.org/en/stable/lock_files

packages: []
snapshots:
- completed:
    size: 617355
    url: https://raw.githubusercontent.com/commercialhaskell/stackage-snapshots/master/lts/19/1.yaml
    sha256: cbd5e8593869445794924668479b5bd9f1738d075898623dceacc13b2576b6e3
  original: lts-19.1
